
Microsoft Visual Studio Solution File, Format Version 12.00
Project("{2150E333-8FDC-42A3-9474-1A3956D46DE8}") = "docs", "docs", "{4ADCF793-1EA2-4CD7-B12A-A007F592818B}"
	ProjectSection(SolutionItems) = preProject
		proposal.org = proposal.org
		README = README
	EndProjectSection
EndProject
Project("{2150E333-8FDC-42A3-9474-1A3956D46DE8}") = "src", "src", "{B4269569-51DF-4EB6-BC1A-226E345FA0B6}"
EndProject
Project("{FAE04EC0-301F-11D3-BF4B-00C04F79EFBC}") = "Connextion.Web", "src\Connextion.Web\Connextion.Web.csproj", "{252ADC1A-B6E8-4DF9-BFF3-C9AB4E53FAE0}"
EndProject
Project("{2150E333-8FDC-42A3-9474-1A3956D46DE8}") = "comp", "comp", "{9E137347-946E-4715-96AC-198D1E4F0210}"
	ProjectSection(SolutionItems) = preProject
		docker-compose.yml = docker-compose.yml
		tailwind.sh = tailwind.sh
	EndProjectSection
EndProject
Project("{FAE04EC0-301F-11D3-BF4B-00C04F79EFBC}") = "Connextion", "src\Connextion\Connextion.csproj", "{ED6E904E-D3B7-4EB8-82DB-364F21FCB2E5}"
EndProject
Project("{FAE04EC0-301F-11D3-BF4B-00C04F79EFBC}") = "Connextion.ViewModels", "src\Connextion.ViewModels\Connextion.ViewModels.csproj", "{26559E49-460D-4821-B14E-213A3BA6F5B2}"
EndProject
Project("{FAE04EC0-301F-11D3-BF4B-00C04F79EFBC}") = "Connextion.GraphDbRepositories", "src\Connextion.GraphDbRepositories\Connextion.GraphDbRepositories.csproj", "{DCF79061-ADCD-4A4A-869A-C5716B0BCDA5}"
EndProject
Global
	GlobalSection(SolutionConfigurationPlatforms) = preSolution
		Debug|Any CPU = Debug|Any CPU
		Release|Any CPU = Release|Any CPU
	EndGlobalSection
	GlobalSection(NestedProjects) = preSolution
		{252ADC1A-B6E8-4DF9-BFF3-C9AB4E53FAE0} = {B4269569-51DF-4EB6-BC1A-226E345FA0B6}
		{ED6E904E-D3B7-4EB8-82DB-364F21FCB2E5} = {B4269569-51DF-4EB6-BC1A-226E345FA0B6}
		{26559E49-460D-4821-B14E-213A3BA6F5B2} = {B4269569-51DF-4EB6-BC1A-226E345FA0B6}
		{DCF79061-ADCD-4A4A-869A-C5716B0BCDA5} = {B4269569-51DF-4EB6-BC1A-226E345FA0B6}
	EndGlobalSection
	GlobalSection(ProjectConfigurationPlatforms) = postSolution
		{252ADC1A-B6E8-4DF9-BFF3-C9AB4E53FAE0}.Debug|Any CPU.ActiveCfg = Debug|Any CPU
		{252ADC1A-B6E8-4DF9-BFF3-C9AB4E53FAE0}.Debug|Any CPU.Build.0 = Debug|Any CPU
		{252ADC1A-B6E8-4DF9-BFF3-C9AB4E53FAE0}.Release|Any CPU.ActiveCfg = Release|Any CPU
		{252ADC1A-B6E8-4DF9-BFF3-C9AB4E53FAE0}.Release|Any CPU.Build.0 = Release|Any CPU
		{ED6E904E-D3B7-4EB8-82DB-364F21FCB2E5}.Debug|Any CPU.ActiveCfg = Debug|Any CPU
		{ED6E904E-D3B7-4EB8-82DB-364F21FCB2E5}.Debug|Any CPU.Build.0 = Debug|Any CPU
		{ED6E904E-D3B7-4EB8-82DB-364F21FCB2E5}.Release|Any CPU.ActiveCfg = Release|Any CPU
		{ED6E904E-D3B7-4EB8-82DB-364F21FCB2E5}.Release|Any CPU.Build.0 = Release|Any CPU
		{26559E49-460D-4821-B14E-213A3BA6F5B2}.Debug|Any CPU.ActiveCfg = Debug|Any CPU
		{26559E49-460D-4821-B14E-213A3BA6F5B2}.Debug|Any CPU.Build.0 = Debug|Any CPU
		{26559E49-460D-4821-B14E-213A3BA6F5B2}.Release|Any CPU.ActiveCfg = Release|Any CPU
		{26559E49-460D-4821-B14E-213A3BA6F5B2}.Release|Any CPU.Build.0 = Release|Any CPU
		{DCF79061-ADCD-4A4A-869A-C5716B0BCDA5}.Debug|Any CPU.ActiveCfg = Debug|Any CPU
		{DCF79061-ADCD-4A4A-869A-C5716B0BCDA5}.Debug|Any CPU.Build.0 = Debug|Any CPU
		{DCF79061-ADCD-4A4A-869A-C5716B0BCDA5}.Release|Any CPU.ActiveCfg = Release|Any CPU
		{DCF79061-ADCD-4A4A-869A-C5716B0BCDA5}.Release|Any CPU.Build.0 = Release|Any CPU
	EndGlobalSection
EndGlobal
