
Microsoft Visual Studio Solution File, Format Version 12.00
Project("{2150E333-8FDC-42A3-9474-1A3956D46DE8}") = "docs", "docs", "{4ADCF793-1EA2-4CD7-B12A-A007F592818B}"
	ProjectSection(SolutionItems) = preProject
		proposal.org = proposal.org
	EndProjectSection
EndProject
Project("{2150E333-8FDC-42A3-9474-1A3956D46DE8}") = "src", "src", "{B4269569-51DF-4EB6-BC1A-226E345FA0B6}"
EndProject
Project("{FAE04EC0-301F-11D3-BF4B-00C04F79EFBC}") = "Connextion.Web", "Connextion.Web\Connextion.Web.csproj", "{252ADC1A-B6E8-4DF9-BFF3-C9AB4E53FAE0}"
EndProject
Global
	GlobalSection(SolutionConfigurationPlatforms) = preSolution
		Debug|Any CPU = Debug|Any CPU
		Release|Any CPU = Release|Any CPU
	EndGlobalSection
	GlobalSection(NestedProjects) = preSolution
		{252ADC1A-B6E8-4DF9-BFF3-C9AB4E53FAE0} = {B4269569-51DF-4EB6-BC1A-226E345FA0B6}
	EndGlobalSection
	GlobalSection(ProjectConfigurationPlatforms) = postSolution
		{252ADC1A-B6E8-4DF9-BFF3-C9AB4E53FAE0}.Debug|Any CPU.ActiveCfg = Debug|Any CPU
		{252ADC1A-B6E8-4DF9-BFF3-C9AB4E53FAE0}.Debug|Any CPU.Build.0 = Debug|Any CPU
		{252ADC1A-B6E8-4DF9-BFF3-C9AB4E53FAE0}.Release|Any CPU.ActiveCfg = Release|Any CPU
		{252ADC1A-B6E8-4DF9-BFF3-C9AB4E53FAE0}.Release|Any CPU.Build.0 = Release|Any CPU
	EndGlobalSection
EndGlobal
